// !$*UTF8*$!
{
	archiveVersion = 1;
	classes = {
	};
	objectVersion = 46;
	objects = {

/* Begin PBXBuildFile section */
		27167F1A13C4FA57001CC5B6 /* MainWindow.xib in Resources */ = {isa = PBXBuildFile; fileRef = 28AD735F0D9D9599002E5188 /* MainWindow.xib */; };
		27167F1B13C4FA57001CC5B6 /* RootViewController.xib in Resources */ = {isa = PBXBuildFile; fileRef = 28F335F01007B36200424DE2 /* RootViewController.xib */; };
		27167F1D13C4FA57001CC5B6 /* Entitlements.plist in Resources */ = {isa = PBXBuildFile; fileRef = 3DEAED5712A2EB7400EEBD22 /* Entitlements.plist */; };
		27167F2513C4FA57001CC5B6 /* main.m in Sources */ = {isa = PBXBuildFile; fileRef = 29B97316FDCFA39411CA2CEA /* main.m */; };
		27167F2613C4FA57001CC5B6 /* DemoAppDelegate.m in Sources */ = {isa = PBXBuildFile; fileRef = 1D3623250D0F684500981E51 /* DemoAppDelegate.m */; };
		27167F2713C4FA57001CC5B6 /* RootViewController.m in Sources */ = {isa = PBXBuildFile; fileRef = 28C286E00D94DF7D0034E888 /* RootViewController.m */; };
		27167F5813C4FA57001CC5B6 /* Foundation.framework in Frameworks */ = {isa = PBXBuildFile; fileRef = 1D30AB110D05D00D00671497 /* Foundation.framework */; };
		27167F5913C4FA57001CC5B6 /* UIKit.framework in Frameworks */ = {isa = PBXBuildFile; fileRef = 1DF5F4DF0D08C38300B7A737 /* UIKit.framework */; };
		27167F5A13C4FA57001CC5B6 /* CoreGraphics.framework in Frameworks */ = {isa = PBXBuildFile; fileRef = 2892E40F0DC94CBA00A64D0F /* CoreGraphics.framework */; };
		276A43C913F088B800E5743A /* ConfigViewController.m in Sources */ = {isa = PBXBuildFile; fileRef = 276A43C713F088B700E5743A /* ConfigViewController.m */; };
		276A43CA13F088B800E5743A /* ConfigViewController.xib in Resources */ = {isa = PBXBuildFile; fileRef = 276A43C813F088B700E5743A /* ConfigViewController.xib */; };
		278E615414BA5A2A00A0B840 /* TouchDB.framework in Frameworks */ = {isa = PBXBuildFile; fileRef = 278E615314BA5A2A00A0B840 /* TouchDB.framework */; };
		278E615614BA5A4B00A0B840 /* libsqlite3.dylib in Frameworks */ = {isa = PBXBuildFile; fileRef = 278E615514BA5A4B00A0B840 /* libsqlite3.dylib */; };
		27962307142031E80051455D /* Security.framework in Frameworks */ = {isa = PBXBuildFile; fileRef = 27962306142031E80051455D /* Security.framework */; };
		279C6596140FEF9A00A0E56D /* icon.png in Resources */ = {isa = PBXBuildFile; fileRef = 279C6595140FEF9A00A0E56D /* icon.png */; };
		279C6598140FEFCF00A0E56D /* icon@2x.png in Resources */ = {isa = PBXBuildFile; fileRef = 279C6597140FEFCF00A0E56D /* icon@2x.png */; };
		279C659A140FF07000A0E56D /* icon~ipad.png in Resources */ = {isa = PBXBuildFile; fileRef = 279C6599140FF07000A0E56D /* icon~ipad.png */; };
		279C7E2214F2CF6E0004A1E8 /* SystemConfiguration.framework in Frameworks */ = {isa = PBXBuildFile; fileRef = 279C7E2114F2CF6E0004A1E8 /* SystemConfiguration.framework */; };
		27AFCEB613E9FBC300F00AFB /* item_background.png in Resources */ = {isa = PBXBuildFile; fileRef = 27AFCEB513E9FBC300F00AFB /* item_background.png */; };
		27AFCEB913E9FFAE00F00AFB /* item_background~ipad.png in Resources */ = {isa = PBXBuildFile; fileRef = 27AFCEB813E9FFAE00F00AFB /* item_background~ipad.png */; };
		27AFCEBC13EA08D700F00AFB /* background.jpg in Resources */ = {isa = PBXBuildFile; fileRef = 27AFCEBA13EA08D600F00AFB /* background.jpg */; };
		27AFCEBD13EA08D700F00AFB /* background~ipad.jpg in Resources */ = {isa = PBXBuildFile; fileRef = 27AFCEBB13EA08D700F00AFB /* background~ipad.jpg */; };
		27CDDE4D13F1D7ED002C5079 /* couchbase-mobile-icon-nameless.png in Resources */ = {isa = PBXBuildFile; fileRef = 27CDDE4C13F1D7ED002C5079 /* couchbase-mobile-icon-nameless.png */; };
		27E27BD314E323E3001DFCBB /* libz.dylib in Frameworks */ = {isa = PBXBuildFile; fileRef = 27E27BD214E323E3001DFCBB /* libz.dylib */; };
		79D0A34913DC9FE400B8F348 /* CouchCocoa.framework in Frameworks */ = {isa = PBXBuildFile; fileRef = 79D0A34813DC9FE400B8F348 /* CouchCocoa.framework */; };
		CBD32A2D13E0293300CF15A9 /* list_area___checkbox___checked.png in Resources */ = {isa = PBXBuildFile; fileRef = CBD32A2013E0293300CF15A9 /* list_area___checkbox___checked.png */; };
		CBD32A2E13E0293300CF15A9 /* list_area___checkbox___unchecked.png in Resources */ = {isa = PBXBuildFile; fileRef = CBD32A2113E0293300CF15A9 /* list_area___checkbox___unchecked.png */; };
		CBD32A3013E0293300CF15A9 /* textfield___active.png in Resources */ = {isa = PBXBuildFile; fileRef = CBD32A2313E0293300CF15A9 /* textfield___active.png */; };
		CBD32A3113E0293300CF15A9 /* textfield___inactive.png in Resources */ = {isa = PBXBuildFile; fileRef = CBD32A2413E0293300CF15A9 /* textfield___inactive.png */; };
		CBD32A5413E15E8500CF15A9 /* Default~ipad.png in Resources */ = {isa = PBXBuildFile; fileRef = CBD32A5313E15E8500CF15A9 /* Default~ipad.png */; };
		CBD32A5713E15ED000CF15A9 /* textfield___active~ipad.png in Resources */ = {isa = PBXBuildFile; fileRef = CBD32A5513E15ED000CF15A9 /* textfield___active~ipad.png */; };
		CBD32A5813E15ED000CF15A9 /* textfield___inactive~ipad.png in Resources */ = {isa = PBXBuildFile; fileRef = CBD32A5613E15ED000CF15A9 /* textfield___inactive~ipad.png */; };
		CBD6E08413E01ECB001EFA8C /* Default.png in Resources */ = {isa = PBXBuildFile; fileRef = CBD6E08313E01ECB001EFA8C /* Default.png */; };
/* End PBXBuildFile section */

/* Begin PBXFileReference section */
		1D30AB110D05D00D00671497 /* Foundation.framework */ = {isa = PBXFileReference; lastKnownFileType = wrapper.framework; name = Foundation.framework; path = System/Library/Frameworks/Foundation.framework; sourceTree = SDKROOT; };
		1D3623240D0F684500981E51 /* DemoAppDelegate.h */ = {isa = PBXFileReference; fileEncoding = 4; lastKnownFileType = sourcecode.c.h; path = DemoAppDelegate.h; sourceTree = "<group>"; };
		1D3623250D0F684500981E51 /* DemoAppDelegate.m */ = {isa = PBXFileReference; fileEncoding = 4; lastKnownFileType = sourcecode.c.objc; path = DemoAppDelegate.m; sourceTree = "<group>"; };
		1DF5F4DF0D08C38300B7A737 /* UIKit.framework */ = {isa = PBXFileReference; lastKnownFileType = wrapper.framework; name = UIKit.framework; path = System/Library/Frameworks/UIKit.framework; sourceTree = SDKROOT; };
		27167F6113C4FA57001CC5B6 /* GrocerySync.app */ = {isa = PBXFileReference; explicitFileType = wrapper.application; includeInIndex = 0; path = GrocerySync.app; sourceTree = BUILT_PRODUCTS_DIR; };
		27637C011416E78D001E30CA /* README.md */ = {isa = PBXFileReference; lastKnownFileType = text; path = README.md; sourceTree = "<group>"; };
		276A43C613F088B700E5743A /* ConfigViewController.h */ = {isa = PBXFileReference; fileEncoding = 4; lastKnownFileType = sourcecode.c.h; path = ConfigViewController.h; sourceTree = "<group>"; };
		276A43C713F088B700E5743A /* ConfigViewController.m */ = {isa = PBXFileReference; fileEncoding = 4; lastKnownFileType = sourcecode.c.objc; path = ConfigViewController.m; sourceTree = "<group>"; };
		276A43C813F088B700E5743A /* ConfigViewController.xib */ = {isa = PBXFileReference; fileEncoding = 4; lastKnownFileType = file.xib; name = ConfigViewController.xib; path = ../Source/ConfigViewController.xib; sourceTree = "<group>"; };
		278E615314BA5A2A00A0B840 /* TouchDB.framework */ = {isa = PBXFileReference; lastKnownFileType = wrapper.framework; name = TouchDB.framework; path = Frameworks/TouchDB.framework; sourceTree = "<group>"; };
		278E615514BA5A4B00A0B840 /* libsqlite3.dylib */ = {isa = PBXFileReference; lastKnownFileType = "compiled.mach-o.dylib"; name = libsqlite3.dylib; path = usr/lib/libsqlite3.dylib; sourceTree = SDKROOT; };
		27962306142031E80051455D /* Security.framework */ = {isa = PBXFileReference; lastKnownFileType = wrapper.framework; name = Security.framework; path = System/Library/Frameworks/Security.framework; sourceTree = SDKROOT; };
		279C6595140FEF9A00A0E56D /* icon.png */ = {isa = PBXFileReference; lastKnownFileType = image.png; name = icon.png; path = ../icon.png; sourceTree = "<group>"; };
		279C6597140FEFCF00A0E56D /* icon@2x.png */ = {isa = PBXFileReference; lastKnownFileType = image.png; name = "icon@2x.png"; path = "../icon@2x.png"; sourceTree = "<group>"; };
		279C6599140FF07000A0E56D /* icon~ipad.png */ = {isa = PBXFileReference; lastKnownFileType = image.png; name = "icon~ipad.png"; path = "../icon~ipad.png"; sourceTree = "<group>"; };
		279C7E2114F2CF6E0004A1E8 /* SystemConfiguration.framework */ = {isa = PBXFileReference; lastKnownFileType = wrapper.framework; name = SystemConfiguration.framework; path = System/Library/Frameworks/SystemConfiguration.framework; sourceTree = SDKROOT; };
		27AFCEB513E9FBC300F00AFB /* item_background.png */ = {isa = PBXFileReference; lastKnownFileType = image.png; name = item_background.png; path = Resources/Elements/item_background.png; sourceTree = SOURCE_ROOT; };
		27AFCEB813E9FFAE00F00AFB /* item_background~ipad.png */ = {isa = PBXFileReference; lastKnownFileType = image.png; name = "item_background~ipad.png"; path = "Resources/Elements/item_background~ipad.png"; sourceTree = SOURCE_ROOT; };
		27AFCEBA13EA08D600F00AFB /* background.jpg */ = {isa = PBXFileReference; lastKnownFileType = image.jpeg; path = background.jpg; sourceTree = "<group>"; };
		27AFCEBB13EA08D700F00AFB /* background~ipad.jpg */ = {isa = PBXFileReference; lastKnownFileType = image.jpeg; path = "background~ipad.jpg"; sourceTree = "<group>"; };
		27CDDE4C13F1D7ED002C5079 /* couchbase-mobile-icon-nameless.png */ = {isa = PBXFileReference; lastKnownFileType = image.png; path = "couchbase-mobile-icon-nameless.png"; sourceTree = "<group>"; };
		27E27BD214E323E3001DFCBB /* libz.dylib */ = {isa = PBXFileReference; lastKnownFileType = "compiled.mach-o.dylib"; name = libz.dylib; path = usr/lib/libz.dylib; sourceTree = SDKROOT; };
		2892E40F0DC94CBA00A64D0F /* CoreGraphics.framework */ = {isa = PBXFileReference; lastKnownFileType = wrapper.framework; name = CoreGraphics.framework; path = System/Library/Frameworks/CoreGraphics.framework; sourceTree = SDKROOT; };
		28A0AAE50D9B0CCF005BE974 /* CouchDemo_Prefix.pch */ = {isa = PBXFileReference; fileEncoding = 4; lastKnownFileType = sourcecode.c.h; name = CouchDemo_Prefix.pch; path = Source/CouchDemo_Prefix.pch; sourceTree = "<group>"; };
		28AD735F0D9D9599002E5188 /* MainWindow.xib */ = {isa = PBXFileReference; lastKnownFileType = file.xib; path = MainWindow.xib; sourceTree = "<group>"; };
		28C286DF0D94DF7D0034E888 /* RootViewController.h */ = {isa = PBXFileReference; fileEncoding = 4; lastKnownFileType = sourcecode.c.h; path = RootViewController.h; sourceTree = "<group>"; };
		28C286E00D94DF7D0034E888 /* RootViewController.m */ = {isa = PBXFileReference; fileEncoding = 4; lastKnownFileType = sourcecode.c.objc; path = RootViewController.m; sourceTree = "<group>"; };
		28F335F01007B36200424DE2 /* RootViewController.xib */ = {isa = PBXFileReference; lastKnownFileType = file.xib; path = RootViewController.xib; sourceTree = "<group>"; };
		29B97316FDCFA39411CA2CEA /* main.m */ = {isa = PBXFileReference; fileEncoding = 4; lastKnownFileType = sourcecode.c.objc; name = main.m; path = Source/main.m; sourceTree = "<group>"; };
		3DEAED5712A2EB7400EEBD22 /* Entitlements.plist */ = {isa = PBXFileReference; fileEncoding = 4; lastKnownFileType = text.plist.xml; path = Entitlements.plist; sourceTree = "<group>"; };
		79D0A34813DC9FE400B8F348 /* CouchCocoa.framework */ = {isa = PBXFileReference; lastKnownFileType = wrapper.framework; name = CouchCocoa.framework; path = Frameworks/CouchCocoa.framework; sourceTree = SOURCE_ROOT; };
		8D1107310486CEB800E47090 /* CouchDemo-Info.plist */ = {isa = PBXFileReference; fileEncoding = 4; lastKnownFileType = text.plist.xml; path = "CouchDemo-Info.plist"; plistStructureDefinitionIdentifier = "com.apple.xcode.plist.structure-definition.iphone.info-plist"; sourceTree = "<group>"; };
		CBD32A2013E0293300CF15A9 /* list_area___checkbox___checked.png */ = {isa = PBXFileReference; lastKnownFileType = image.png; path = "list_area___checkbox___checked.png"; sourceTree = "<group>"; };
		CBD32A2113E0293300CF15A9 /* list_area___checkbox___unchecked.png */ = {isa = PBXFileReference; lastKnownFileType = image.png; path = "list_area___checkbox___unchecked.png"; sourceTree = "<group>"; };
		CBD32A2313E0293300CF15A9 /* textfield___active.png */ = {isa = PBXFileReference; lastKnownFileType = image.png; path = "textfield___active.png"; sourceTree = "<group>"; };
		CBD32A2413E0293300CF15A9 /* textfield___inactive.png */ = {isa = PBXFileReference; lastKnownFileType = image.png; path = "textfield___inactive.png"; sourceTree = "<group>"; };
		CBD32A5313E15E8500CF15A9 /* Default~ipad.png */ = {isa = PBXFileReference; lastKnownFileType = image.png; path = "Default~ipad.png"; sourceTree = "<group>"; };
		CBD32A5513E15ED000CF15A9 /* textfield___active~ipad.png */ = {isa = PBXFileReference; lastKnownFileType = image.png; path = "textfield___active~ipad.png"; sourceTree = "<group>"; };
		CBD32A5613E15ED000CF15A9 /* textfield___inactive~ipad.png */ = {isa = PBXFileReference; lastKnownFileType = image.png; path = "textfield___inactive~ipad.png"; sourceTree = "<group>"; };
		CBD6E08313E01ECB001EFA8C /* Default.png */ = {isa = PBXFileReference; lastKnownFileType = image.png; path = Default.png; sourceTree = "<group>"; };
/* End PBXFileReference section */

/* Begin PBXFrameworksBuildPhase section */
		27167F5713C4FA57001CC5B6 /* Frameworks */ = {
			isa = PBXFrameworksBuildPhase;
			buildActionMask = 2147483647;
			files = (
				279C7E2214F2CF6E0004A1E8 /* SystemConfiguration.framework in Frameworks */,
				27962307142031E80051455D /* Security.framework in Frameworks */,
				27167F5813C4FA57001CC5B6 /* Foundation.framework in Frameworks */,
				27167F5913C4FA57001CC5B6 /* UIKit.framework in Frameworks */,
				27167F5A13C4FA57001CC5B6 /* CoreGraphics.framework in Frameworks */,
				79D0A34913DC9FE400B8F348 /* CouchCocoa.framework in Frameworks */,
				278E615414BA5A2A00A0B840 /* TouchDB.framework in Frameworks */,
				278E615614BA5A4B00A0B840 /* libsqlite3.dylib in Frameworks */,
				27E27BD314E323E3001DFCBB /* libz.dylib in Frameworks */,
			);
			runOnlyForDeploymentPostprocessing = 0;
		};
/* End PBXFrameworksBuildPhase section */

/* Begin PBXGroup section */
		080E96DDFE201D6D7F000001 /* Classes */ = {
			isa = PBXGroup;
			children = (
				1D3623240D0F684500981E51 /* DemoAppDelegate.h */,
				1D3623250D0F684500981E51 /* DemoAppDelegate.m */,
				28C286DF0D94DF7D0034E888 /* RootViewController.h */,
				28C286E00D94DF7D0034E888 /* RootViewController.m */,
				276A43C613F088B700E5743A /* ConfigViewController.h */,
				276A43C713F088B700E5743A /* ConfigViewController.m */,
			);
			name = Classes;
			path = Source;
			sourceTree = "<group>";
		};
		19C28FACFE9D520D11CA2CBB /* Products */ = {
			isa = PBXGroup;
			children = (
				27167F6113C4FA57001CC5B6 /* GrocerySync.app */,
			);
			name = Products;
			sourceTree = "<group>";
		};
		29B97314FDCFA39411CA2CEA /* CustomTemplate */ = {
			isa = PBXGroup;
			children = (
				27637C011416E78D001E30CA /* README.md */,
				080E96DDFE201D6D7F000001 /* Classes */,
				29B97315FDCFA39411CA2CEA /* Other Sources */,
				29B97317FDCFA39411CA2CEA /* Resources */,
				29B97323FDCFA39411CA2CEA /* Frameworks */,
				19C28FACFE9D520D11CA2CBB /* Products */,
			);
			name = CustomTemplate;
			sourceTree = "<group>";
		};
		29B97315FDCFA39411CA2CEA /* Other Sources */ = {
			isa = PBXGroup;
			children = (
				28A0AAE50D9B0CCF005BE974 /* CouchDemo_Prefix.pch */,
				29B97316FDCFA39411CA2CEA /* main.m */,
			);
			name = "Other Sources";
			sourceTree = "<group>";
		};
		29B97317FDCFA39411CA2CEA /* Resources */ = {
			isa = PBXGroup;
			children = (
				CBD32A1813E0293300CF15A9 /* Elements */,
				CBD6E08313E01ECB001EFA8C /* Default.png */,
				CBD32A5313E15E8500CF15A9 /* Default~ipad.png */,
				8D1107310486CEB800E47090 /* CouchDemo-Info.plist */,
				3DEAED5712A2EB7400EEBD22 /* Entitlements.plist */,
				279C6595140FEF9A00A0E56D /* icon.png */,
				279C6597140FEFCF00A0E56D /* icon@2x.png */,
				279C6599140FF07000A0E56D /* icon~ipad.png */,
				28F335F01007B36200424DE2 /* RootViewController.xib */,
				28AD735F0D9D9599002E5188 /* MainWindow.xib */,
				276A43C813F088B700E5743A /* ConfigViewController.xib */,
			);
			path = Resources;
			sourceTree = "<group>";
		};
		29B97323FDCFA39411CA2CEA /* Frameworks */ = {
			isa = PBXGroup;
			children = (
				278E615314BA5A2A00A0B840 /* TouchDB.framework */,
				79D0A34813DC9FE400B8F348 /* CouchCocoa.framework */,
				1DF5F4DF0D08C38300B7A737 /* UIKit.framework */,
				1D30AB110D05D00D00671497 /* Foundation.framework */,
				2892E40F0DC94CBA00A64D0F /* CoreGraphics.framework */,
				27962306142031E80051455D /* Security.framework */,
				279C7E2114F2CF6E0004A1E8 /* SystemConfiguration.framework */,
				278E615514BA5A4B00A0B840 /* libsqlite3.dylib */,
				27E27BD214E323E3001DFCBB /* libz.dylib */,
			);
			name = Frameworks;
			sourceTree = "<group>";
		};
		CBD32A1813E0293300CF15A9 /* Elements */ = {
			isa = PBXGroup;
			children = (
				27AFCEBA13EA08D600F00AFB /* background.jpg */,
				27AFCEBB13EA08D700F00AFB /* background~ipad.jpg */,
				27AFCEB513E9FBC300F00AFB /* item_background.png */,
				27AFCEB813E9FFAE00F00AFB /* item_background~ipad.png */,
				CBD32A2013E0293300CF15A9 /* list_area___checkbox___checked.png */,
				CBD32A2113E0293300CF15A9 /* list_area___checkbox___unchecked.png */,
				CBD32A5513E15ED000CF15A9 /* textfield___active~ipad.png */,
				CBD32A5613E15ED000CF15A9 /* textfield___inactive~ipad.png */,
				CBD32A2313E0293300CF15A9 /* textfield___active.png */,
				CBD32A2413E0293300CF15A9 /* textfield___inactive.png */,
				27CDDE4C13F1D7ED002C5079 /* couchbase-mobile-icon-nameless.png */,
			);
			path = Elements;
			sourceTree = "<group>";
		};
/* End PBXGroup section */

/* Begin PBXNativeTarget section */
		27167F1813C4FA57001CC5B6 /* GrocerySync */ = {
			isa = PBXNativeTarget;
			buildConfigurationList = 27167F5E13C4FA57001CC5B6 /* Build configuration list for PBXNativeTarget "GrocerySync" */;
			buildPhases = (
				27167F1913C4FA57001CC5B6 /* Resources */,
				27167F2413C4FA57001CC5B6 /* Sources */,
				27167F5713C4FA57001CC5B6 /* Frameworks */,
			);
			buildRules = (
			);
			dependencies = (
			);
			name = GrocerySync;
			productName = Demo;
			productReference = 27167F6113C4FA57001CC5B6 /* GrocerySync.app */;
			productType = "com.apple.product-type.application";
		};
/* End PBXNativeTarget section */

/* Begin PBXProject section */
		29B97313FDCFA39411CA2CEA /* Project object */ = {
			isa = PBXProject;
			attributes = {
				LastUpgradeCheck = 0420;
			};
			buildConfigurationList = C01FCF4E08A954540054247B /* Build configuration list for PBXProject "CouchDemo" */;
			compatibilityVersion = "Xcode 3.2";
			developmentRegion = English;
			hasScannedForEncodings = 1;
			knownRegions = (
				English,
				Japanese,
				French,
				German,
				en,
			);
			mainGroup = 29B97314FDCFA39411CA2CEA /* CustomTemplate */;
			projectDirPath = "";
			projectRoot = "";
			targets = (
				27167F1813C4FA57001CC5B6 /* GrocerySync */,
			);
		};
/* End PBXProject section */

/* Begin PBXResourcesBuildPhase section */
		27167F1913C4FA57001CC5B6 /* Resources */ = {
			isa = PBXResourcesBuildPhase;
			buildActionMask = 2147483647;
			files = (
				27167F1A13C4FA57001CC5B6 /* MainWindow.xib in Resources */,
				27167F1B13C4FA57001CC5B6 /* RootViewController.xib in Resources */,
				27167F1D13C4FA57001CC5B6 /* Entitlements.plist in Resources */,
				CBD6E08413E01ECB001EFA8C /* Default.png in Resources */,
				CBD32A2D13E0293300CF15A9 /* list_area___checkbox___checked.png in Resources */,
				CBD32A2E13E0293300CF15A9 /* list_area___checkbox___unchecked.png in Resources */,
				CBD32A3013E0293300CF15A9 /* textfield___active.png in Resources */,
				CBD32A3113E0293300CF15A9 /* textfield___inactive.png in Resources */,
				CBD32A5413E15E8500CF15A9 /* Default~ipad.png in Resources */,
				CBD32A5713E15ED000CF15A9 /* textfield___active~ipad.png in Resources */,
				CBD32A5813E15ED000CF15A9 /* textfield___inactive~ipad.png in Resources */,
				27AFCEB613E9FBC300F00AFB /* item_background.png in Resources */,
				27AFCEB913E9FFAE00F00AFB /* item_background~ipad.png in Resources */,
				27AFCEBC13EA08D700F00AFB /* background.jpg in Resources */,
				27AFCEBD13EA08D700F00AFB /* background~ipad.jpg in Resources */,
				276A43CA13F088B800E5743A /* ConfigViewController.xib in Resources */,
				27CDDE4D13F1D7ED002C5079 /* couchbase-mobile-icon-nameless.png in Resources */,
				279C6596140FEF9A00A0E56D /* icon.png in Resources */,
				279C6598140FEFCF00A0E56D /* icon@2x.png in Resources */,
				279C659A140FF07000A0E56D /* icon~ipad.png in Resources */,
			);
			runOnlyForDeploymentPostprocessing = 0;
		};
/* End PBXResourcesBuildPhase section */

/* Begin PBXSourcesBuildPhase section */
		27167F2413C4FA57001CC5B6 /* Sources */ = {
			isa = PBXSourcesBuildPhase;
			buildActionMask = 2147483647;
			files = (
				27167F2513C4FA57001CC5B6 /* main.m in Sources */,
				27167F2613C4FA57001CC5B6 /* DemoAppDelegate.m in Sources */,
				27167F2713C4FA57001CC5B6 /* RootViewController.m in Sources */,
				276A43C913F088B800E5743A /* ConfigViewController.m in Sources */,
			);
			runOnlyForDeploymentPostprocessing = 0;
		};
/* End PBXSourcesBuildPhase section */

/* Begin XCBuildConfiguration section */
		27167F5F13C4FA57001CC5B6 /* Debug */ = {
			isa = XCBuildConfiguration;
			buildSettings = {
				ALWAYS_SEARCH_USER_PATHS = NO;
				CODE_SIGN_ENTITLEMENTS = "";
				COPY_PHASE_STRIP = NO;
				FRAMEWORK_SEARCH_PATHS = "\"$(SRCROOT)/Frameworks\"";
				GCC_OPTIMIZATION_LEVEL = 0;
				GCC_PRECOMPILE_PREFIX_HEADER = YES;
				GCC_PREFIX_HEADER = Source/CouchDemo_Prefix.pch;
				INFOPLIST_FILE = "Resources/CouchDemo-Info.plist";
				IPHONEOS_DEPLOYMENT_TARGET = 4.3;
				OTHER_LDFLAGS = "-ObjC";
				PRODUCT_NAME = GrocerySync;
				TARGETED_DEVICE_FAMILY = "1,2";
				VALIDATE_PRODUCT = NO;
			};
			name = Debug;
		};
		27167F6013C4FA57001CC5B6 /* Release */ = {
			isa = XCBuildConfiguration;
			buildSettings = {
				ALWAYS_SEARCH_USER_PATHS = NO;
				FRAMEWORK_SEARCH_PATHS = "\"$(SRCROOT)/Frameworks\"";
				GCC_PRECOMPILE_PREFIX_HEADER = YES;
				GCC_PREFIX_HEADER = Source/CouchDemo_Prefix.pch;
				INFOPLIST_FILE = "Resources/CouchDemo-Info.plist";
				IPHONEOS_DEPLOYMENT_TARGET = 4.3;
				OTHER_LDFLAGS = "-ObjC";
				PRODUCT_NAME = GrocerySync;
				TARGETED_DEVICE_FAMILY = "1,2";
				VALIDATE_PRODUCT = YES;
			};
			name = Release;
		};
		C01FCF4F08A954540054247B /* Debug */ = {
			isa = XCBuildConfiguration;
			buildSettings = {
				"CODE_SIGN_IDENTITY[sdk=iphoneos*]" = "iPhone Developer";
				CURRENT_PROJECT_VERSION = 111;
				GCC_C_LANGUAGE_STANDARD = c99;
				GCC_PREPROCESSOR_DEFINITIONS = "DEBUG=1";
				GCC_TREAT_WARNINGS_AS_ERRORS = YES;
				GCC_VERSION = com.apple.compilers.llvm.clang.1_0;
				GCC_WARN_ABOUT_RETURN_TYPE = YES;
				GCC_WARN_UNUSED_VARIABLE = YES;
				IPHONEOS_DEPLOYMENT_TARGET = 4.0;
				"PROVISIONING_PROFILE[sdk=iphoneos*]" = "";
				SDKROOT = iphoneos;
				VERSIONING_SYSTEM = "apple-generic";
				WARNING_CFLAGS = "-Wall";
			};
			name = Debug;
		};
		C01FCF5008A954540054247B /* Release */ = {
			isa = XCBuildConfiguration;
			buildSettings = {
				CODE_SIGN_ENTITLEMENTS = Resources/Entitlements.plist;
				"CODE_SIGN_IDENTITY[sdk=iphoneos*]" = "iPhone Distribution";
				COPY_PHASE_STRIP = NO;
				CURRENT_PROJECT_VERSION = 111;
				DEPLOYMENT_POSTPROCESSING = YES;
				GCC_C_LANGUAGE_STANDARD = c99;
				GCC_TREAT_WARNINGS_AS_ERRORS = YES;
				GCC_VERSION = com.apple.compilers.llvm.clang.1_0;
				GCC_WARN_ABOUT_RETURN_TYPE = YES;
				GCC_WARN_UNUSED_VARIABLE = YES;
				IPHONEOS_DEPLOYMENT_TARGET = 4.0;
				OTHER_CFLAGS = "-DNS_BLOCK_ASSERTIONS=1";
				"PROVISIONING_PROFILE[sdk=iphoneos*]" = "";
				SDKROOT = iphoneos;
				VERSIONING_SYSTEM = "apple-generic";
				WARNING_CFLAGS = "-Wall";
			};
			name = Release;
		};
/* End XCBuildConfiguration section */

/* Begin XCConfigurationList section */
		27167F5E13C4FA57001CC5B6 /* Build configuration list for PBXNativeTarget "GrocerySync" */ = {
			isa = XCConfigurationList;
			buildConfigurations = (
				27167F5F13C4FA57001CC5B6 /* Debug */,
				27167F6013C4FA57001CC5B6 /* Release */,
			);
			defaultConfigurationIsVisible = 0;
			defaultConfigurationName = Release;
		};
		C01FCF4E08A954540054247B /* Build configuration list for PBXProject "CouchDemo" */ = {
			isa = XCConfigurationList;
			buildConfigurations = (
				C01FCF4F08A954540054247B /* Debug */,
				C01FCF5008A954540054247B /* Release */,
			);
			defaultConfigurationIsVisible = 0;
			defaultConfigurationName = Release;
		};
/* End XCConfigurationList section */
	};
	rootObject = 29B97313FDCFA39411CA2CEA /* Project object */;
}
