// !$*UTF8*$!
{
	archiveVersion = 1;
	classes = {
	};
	objectVersion = 46;
	objects = {

/* Begin PBXBuildFile section */
		27167F1A13C4FA57001CC5B6 /* MainWindow.xib in Resources */ = {isa = PBXBuildFile; fileRef = 28AD735F0D9D9599002E5188 /* MainWindow.xib */; };
		27167F1B13C4FA57001CC5B6 /* RootViewController.xib in Resources */ = {isa = PBXBuildFile; fileRef = 28F335F01007B36200424DE2 /* RootViewController.xib */; };
		27167F1D13C4FA57001CC5B6 /* Entitlements.plist in Resources */ = {isa = PBXBuildFile; fileRef = 3DEAED5712A2EB7400EEBD22 /* Entitlements.plist */; };
		27167F2213C4FA57001CC5B6 /* grocery-sync.couch in Resources */ = {isa = PBXBuildFile; fileRef = 27ED52D713C3944B00AB846D /* grocery-sync.couch */; };
		27167F2513C4FA57001CC5B6 /* main.m in Sources */ = {isa = PBXBuildFile; fileRef = 29B97316FDCFA39411CA2CEA /* main.m */; };
		27167F2613C4FA57001CC5B6 /* DemoAppDelegate.m in Sources */ = {isa = PBXBuildFile; fileRef = 1D3623250D0F684500981E51 /* DemoAppDelegate.m */; };
		27167F2713C4FA57001CC5B6 /* RootViewController.m in Sources */ = {isa = PBXBuildFile; fileRef = 28C286E00D94DF7D0034E888 /* RootViewController.m */; };
		27167F5813C4FA57001CC5B6 /* Foundation.framework in Frameworks */ = {isa = PBXBuildFile; fileRef = 1D30AB110D05D00D00671497 /* Foundation.framework */; };
		27167F5913C4FA57001CC5B6 /* UIKit.framework in Frameworks */ = {isa = PBXBuildFile; fileRef = 1DF5F4DF0D08C38300B7A737 /* UIKit.framework */; };
		27167F5A13C4FA57001CC5B6 /* CoreGraphics.framework in Frameworks */ = {isa = PBXBuildFile; fileRef = 2892E40F0DC94CBA00A64D0F /* CoreGraphics.framework */; };
		27167F5B13C4FA57001CC5B6 /* Couchbase.framework in Frameworks */ = {isa = PBXBuildFile; fileRef = 273A739613BE918A0078870D /* Couchbase.framework */; };
		27167F5D13C4FA57001CC5B6 /* libstdc++.dylib in Frameworks */ = {isa = PBXBuildFile; fileRef = BCDA6DEA13217E2400D8538A /* libstdc++.dylib */; };
		797D25A013DCE0080065CB95 /* Settings.bundle in Resources */ = {isa = PBXBuildFile; fileRef = 797D259F13DCE0080065CB95 /* Settings.bundle */; };
		79D0A34913DC9FE400B8F348 /* CouchCocoa.framework in Frameworks */ = {isa = PBXBuildFile; fileRef = 79D0A34813DC9FE400B8F348 /* CouchCocoa.framework */; };
		CBD32A2613E0293300CF15A9 /* background.png in Resources */ = {isa = PBXBuildFile; fileRef = CBD32A1913E0293300CF15A9 /* background.png */; };
		CBD32A2B13E0293300CF15A9 /* list_area___border.png in Resources */ = {isa = PBXBuildFile; fileRef = CBD32A1E13E0293300CF15A9 /* list_area___border.png */; };
		CBD32A2D13E0293300CF15A9 /* list_area___checkbox___checked.png in Resources */ = {isa = PBXBuildFile; fileRef = CBD32A2013E0293300CF15A9 /* list_area___checkbox___checked.png */; };
		CBD32A2E13E0293300CF15A9 /* list_area___checkbox___unchecked.png in Resources */ = {isa = PBXBuildFile; fileRef = CBD32A2113E0293300CF15A9 /* list_area___checkbox___unchecked.png */; };
		CBD32A3013E0293300CF15A9 /* textfield___active.png in Resources */ = {isa = PBXBuildFile; fileRef = CBD32A2313E0293300CF15A9 /* textfield___active.png */; };
		CBD32A3113E0293300CF15A9 /* textfield___inactive.png in Resources */ = {isa = PBXBuildFile; fileRef = CBD32A2413E0293300CF15A9 /* textfield___inactive.png */; };
		CBD32A3513E03D8F00CF15A9 /* TableViewCellNewItem.xib in Resources */ = {isa = PBXBuildFile; fileRef = CBD32A3413E03D8F00CF15A9 /* TableViewCellNewItem.xib */; };
		CBD32A3713E0490A00CF15A9 /* ListItem.xib in Resources */ = {isa = PBXBuildFile; fileRef = CBD32A3613E0490A00CF15A9 /* ListItem.xib */; };
		CBD32A3F13E05C2100CF15A9 /* addNewItem.xib in Resources */ = {isa = PBXBuildFile; fileRef = CBD32A3E13E05C2100CF15A9 /* addNewItem.xib */; };
		CBD32A4113E061D400CF15A9 /* middle.png in Resources */ = {isa = PBXBuildFile; fileRef = CBD32A4013E061D300CF15A9 /* middle.png */; };
		CBD32A4413E0622C00CF15A9 /* bottom.png in Resources */ = {isa = PBXBuildFile; fileRef = CBD32A4213E0622C00CF15A9 /* bottom.png */; };
		CBD32A4513E0622C00CF15A9 /* top.png in Resources */ = {isa = PBXBuildFile; fileRef = CBD32A4313E0622C00CF15A9 /* top.png */; };
		CBD6E07C13E01711001EFA8C /* icon.png in Resources */ = {isa = PBXBuildFile; fileRef = CBD6E07A13E01711001EFA8C /* icon.png */; };
		CBD6E07D13E01711001EFA8C /* icon@2x.png in Resources */ = {isa = PBXBuildFile; fileRef = CBD6E07B13E01711001EFA8C /* icon@2x.png */; };
		CBD6E08413E01ECB001EFA8C /* Default.png in Resources */ = {isa = PBXBuildFile; fileRef = CBD6E08313E01ECB001EFA8C /* Default.png */; };
/* End PBXBuildFile section */

/* Begin PBXFileReference section */
		1D30AB110D05D00D00671497 /* Foundation.framework */ = {isa = PBXFileReference; lastKnownFileType = wrapper.framework; name = Foundation.framework; path = System/Library/Frameworks/Foundation.framework; sourceTree = SDKROOT; };
		1D3623240D0F684500981E51 /* DemoAppDelegate.h */ = {isa = PBXFileReference; fileEncoding = 4; lastKnownFileType = sourcecode.c.h; path = DemoAppDelegate.h; sourceTree = "<group>"; };
		1D3623250D0F684500981E51 /* DemoAppDelegate.m */ = {isa = PBXFileReference; fileEncoding = 4; lastKnownFileType = sourcecode.c.objc; path = DemoAppDelegate.m; sourceTree = "<group>"; };
		1DF5F4DF0D08C38300B7A737 /* UIKit.framework */ = {isa = PBXFileReference; lastKnownFileType = wrapper.framework; name = UIKit.framework; path = System/Library/Frameworks/UIKit.framework; sourceTree = SDKROOT; };
		27167F6113C4FA57001CC5B6 /* CouchDemo.app */ = {isa = PBXFileReference; explicitFileType = wrapper.application; includeInIndex = 0; path = CouchDemo.app; sourceTree = BUILT_PRODUCTS_DIR; };
		273A739613BE918A0078870D /* Couchbase.framework */ = {isa = PBXFileReference; lastKnownFileType = wrapper.framework; name = Couchbase.framework; path = Frameworks/Couchbase.framework; sourceTree = SOURCE_ROOT; };
		27ED52D713C3944B00AB846D /* grocery-sync.couch */ = {isa = PBXFileReference; fileEncoding = 4; lastKnownFileType = text; path = "grocery-sync.couch"; sourceTree = "<group>"; };
		2892E40F0DC94CBA00A64D0F /* CoreGraphics.framework */ = {isa = PBXFileReference; lastKnownFileType = wrapper.framework; name = CoreGraphics.framework; path = System/Library/Frameworks/CoreGraphics.framework; sourceTree = SDKROOT; };
		28A0AAE50D9B0CCF005BE974 /* CouchDemo_Prefix.pch */ = {isa = PBXFileReference; fileEncoding = 4; lastKnownFileType = sourcecode.c.h; name = CouchDemo_Prefix.pch; path = Source/CouchDemo_Prefix.pch; sourceTree = "<group>"; };
		28AD735F0D9D9599002E5188 /* MainWindow.xib */ = {isa = PBXFileReference; lastKnownFileType = file.xib; path = MainWindow.xib; sourceTree = "<group>"; };
		28C286DF0D94DF7D0034E888 /* RootViewController.h */ = {isa = PBXFileReference; fileEncoding = 4; lastKnownFileType = sourcecode.c.h; path = RootViewController.h; sourceTree = "<group>"; };
		28C286E00D94DF7D0034E888 /* RootViewController.m */ = {isa = PBXFileReference; fileEncoding = 4; lastKnownFileType = sourcecode.c.objc; path = RootViewController.m; sourceTree = "<group>"; };
		28F335F01007B36200424DE2 /* RootViewController.xib */ = {isa = PBXFileReference; lastKnownFileType = file.xib; path = RootViewController.xib; sourceTree = "<group>"; };
		29B97316FDCFA39411CA2CEA /* main.m */ = {isa = PBXFileReference; fileEncoding = 4; lastKnownFileType = sourcecode.c.objc; name = main.m; path = Source/main.m; sourceTree = "<group>"; };
		3DEAED5712A2EB7400EEBD22 /* Entitlements.plist */ = {isa = PBXFileReference; fileEncoding = 4; lastKnownFileType = text.plist.xml; path = Entitlements.plist; sourceTree = "<group>"; };
		797D259F13DCE0080065CB95 /* Settings.bundle */ = {isa = PBXFileReference; lastKnownFileType = "wrapper.plug-in"; path = Settings.bundle; sourceTree = "<group>"; };
		79D0A34813DC9FE400B8F348 /* CouchCocoa.framework */ = {isa = PBXFileReference; lastKnownFileType = wrapper.framework; name = CouchCocoa.framework; path = Frameworks/CouchCocoa.framework; sourceTree = "<group>"; };
		8D1107310486CEB800E47090 /* CouchDemo-Info.plist */ = {isa = PBXFileReference; fileEncoding = 4; lastKnownFileType = text.plist.xml; path = "CouchDemo-Info.plist"; plistStructureDefinitionIdentifier = "com.apple.xcode.plist.structure-definition.iphone.info-plist"; sourceTree = "<group>"; };
		BCDA6DEA13217E2400D8538A /* libstdc++.dylib */ = {isa = PBXFileReference; lastKnownFileType = "compiled.mach-o.dylib"; name = "libstdc++.dylib"; path = "usr/lib/gcc/arm-apple-darwin10/4.0.1/libstdc++.dylib"; sourceTree = SDKROOT; };
		CBD32A1913E0293300CF15A9 /* background.png */ = {isa = PBXFileReference; lastKnownFileType = image.png; path = background.png; sourceTree = "<group>"; };
		CBD32A1E13E0293300CF15A9 /* list_area___border.png */ = {isa = PBXFileReference; lastKnownFileType = image.png; path = "list_area___border.png"; sourceTree = "<group>"; };
		CBD32A2013E0293300CF15A9 /* list_area___checkbox___checked.png */ = {isa = PBXFileReference; lastKnownFileType = image.png; path = "list_area___checkbox___checked.png"; sourceTree = "<group>"; };
		CBD32A2113E0293300CF15A9 /* list_area___checkbox___unchecked.png */ = {isa = PBXFileReference; lastKnownFileType = image.png; path = "list_area___checkbox___unchecked.png"; sourceTree = "<group>"; };
		CBD32A2313E0293300CF15A9 /* textfield___active.png */ = {isa = PBXFileReference; lastKnownFileType = image.png; path = "textfield___active.png"; sourceTree = "<group>"; };
		CBD32A2413E0293300CF15A9 /* textfield___inactive.png */ = {isa = PBXFileReference; lastKnownFileType = image.png; path = "textfield___inactive.png"; sourceTree = "<group>"; };
		CBD32A3413E03D8F00CF15A9 /* TableViewCellNewItem.xib */ = {isa = PBXFileReference; fileEncoding = 4; lastKnownFileType = file.xib; path = TableViewCellNewItem.xib; sourceTree = "<group>"; };
		CBD32A3613E0490A00CF15A9 /* ListItem.xib */ = {isa = PBXFileReference; fileEncoding = 4; lastKnownFileType = file.xib; path = ListItem.xib; sourceTree = "<group>"; };
		CBD32A3E13E05C2100CF15A9 /* addNewItem.xib */ = {isa = PBXFileReference; fileEncoding = 4; lastKnownFileType = file.xib; path = addNewItem.xib; sourceTree = "<group>"; };
		CBD32A4013E061D300CF15A9 /* middle.png */ = {isa = PBXFileReference; lastKnownFileType = image.png; path = middle.png; sourceTree = "<group>"; };
		CBD32A4213E0622C00CF15A9 /* bottom.png */ = {isa = PBXFileReference; lastKnownFileType = image.png; path = bottom.png; sourceTree = "<group>"; };
		CBD32A4313E0622C00CF15A9 /* top.png */ = {isa = PBXFileReference; lastKnownFileType = image.png; path = top.png; sourceTree = "<group>"; };
		CBD6E07A13E01711001EFA8C /* icon.png */ = {isa = PBXFileReference; lastKnownFileType = image.png; path = icon.png; sourceTree = "<group>"; };
		CBD6E07B13E01711001EFA8C /* icon@2x.png */ = {isa = PBXFileReference; lastKnownFileType = image.png; path = "icon@2x.png"; sourceTree = "<group>"; };
		CBD6E08313E01ECB001EFA8C /* Default.png */ = {isa = PBXFileReference; lastKnownFileType = image.png; path = Default.png; sourceTree = "<group>"; };
/* End PBXFileReference section */

/* Begin PBXFrameworksBuildPhase section */
		27167F5713C4FA57001CC5B6 /* Frameworks */ = {
			isa = PBXFrameworksBuildPhase;
			buildActionMask = 2147483647;
			files = (
				27167F5813C4FA57001CC5B6 /* Foundation.framework in Frameworks */,
				27167F5913C4FA57001CC5B6 /* UIKit.framework in Frameworks */,
				27167F5A13C4FA57001CC5B6 /* CoreGraphics.framework in Frameworks */,
				27167F5B13C4FA57001CC5B6 /* Couchbase.framework in Frameworks */,
				27167F5D13C4FA57001CC5B6 /* libstdc++.dylib in Frameworks */,
				79D0A34913DC9FE400B8F348 /* CouchCocoa.framework in Frameworks */,
			);
			runOnlyForDeploymentPostprocessing = 0;
		};
/* End PBXFrameworksBuildPhase section */

/* Begin PBXGroup section */
		037E114C13566540005FFC4F /* Libraries */ = {
			isa = PBXGroup;
			children = (
				BCDA6DEA13217E2400D8538A /* libstdc++.dylib */,
			);
			name = Libraries;
			sourceTree = "<group>";
		};
		080E96DDFE201D6D7F000001 /* Classes */ = {
			isa = PBXGroup;
			children = (
				1D3623240D0F684500981E51 /* DemoAppDelegate.h */,
				1D3623250D0F684500981E51 /* DemoAppDelegate.m */,
				28C286DF0D94DF7D0034E888 /* RootViewController.h */,
				28C286E00D94DF7D0034E888 /* RootViewController.m */,
			);
			name = Classes;
			path = Source;
			sourceTree = "<group>";
		};
		19C28FACFE9D520D11CA2CBB /* Products */ = {
			isa = PBXGroup;
			children = (
				27167F6113C4FA57001CC5B6 /* CouchDemo.app */,
			);
			name = Products;
			sourceTree = "<group>";
		};
		29B97314FDCFA39411CA2CEA /* CustomTemplate */ = {
			isa = PBXGroup;
			children = (
				080E96DDFE201D6D7F000001 /* Classes */,
				29B97315FDCFA39411CA2CEA /* Other Sources */,
				29B97317FDCFA39411CA2CEA /* Resources */,
				037E114C13566540005FFC4F /* Libraries */,
				29B97323FDCFA39411CA2CEA /* Frameworks */,
				19C28FACFE9D520D11CA2CBB /* Products */,
			);
			name = CustomTemplate;
			sourceTree = "<group>";
		};
		29B97315FDCFA39411CA2CEA /* Other Sources */ = {
			isa = PBXGroup;
			children = (
				28A0AAE50D9B0CCF005BE974 /* CouchDemo_Prefix.pch */,
				29B97316FDCFA39411CA2CEA /* main.m */,
			);
			name = "Other Sources";
			sourceTree = "<group>";
		};
		29B97317FDCFA39411CA2CEA /* Resources */ = {
			isa = PBXGroup;
			children = (
				CBD32A1813E0293300CF15A9 /* Elements */,
				CBD6E08313E01ECB001EFA8C /* Default.png */,
				8D1107310486CEB800E47090 /* CouchDemo-Info.plist */,
				3DEAED5712A2EB7400EEBD22 /* Entitlements.plist */,
				27ED52D713C3944B00AB846D /* grocery-sync.couch */,
				797D259F13DCE0080065CB95 /* Settings.bundle */,
				CBD6E07A13E01711001EFA8C /* icon.png */,
				CBD6E07B13E01711001EFA8C /* icon@2x.png */,
				28F335F01007B36200424DE2 /* RootViewController.xib */,
				28AD735F0D9D9599002E5188 /* MainWindow.xib */,
				CBD32A3413E03D8F00CF15A9 /* TableViewCellNewItem.xib */,
				CBD32A3613E0490A00CF15A9 /* ListItem.xib */,
				CBD32A3E13E05C2100CF15A9 /* addNewItem.xib */,
			);
			path = Resources;
			sourceTree = "<group>";
		};
		29B97323FDCFA39411CA2CEA /* Frameworks */ = {
			isa = PBXGroup;
			children = (
				79D0A34813DC9FE400B8F348 /* CouchCocoa.framework */,
				273A739613BE918A0078870D /* Couchbase.framework */,
				1DF5F4DF0D08C38300B7A737 /* UIKit.framework */,
				1D30AB110D05D00D00671497 /* Foundation.framework */,
				2892E40F0DC94CBA00A64D0F /* CoreGraphics.framework */,
			);
			name = Frameworks;
			sourceTree = "<group>";
		};
		CBD32A1813E0293300CF15A9 /* Elements */ = {
			isa = PBXGroup;
			children = (
				CBD32A4213E0622C00CF15A9 /* bottom.png */,
				CBD32A4313E0622C00CF15A9 /* top.png */,
				CBD32A4013E061D300CF15A9 /* middle.png */,
				CBD32A1913E0293300CF15A9 /* background.png */,
				CBD32A1E13E0293300CF15A9 /* list_area___border.png */,
				CBD32A2013E0293300CF15A9 /* list_area___checkbox___checked.png */,
				CBD32A2113E0293300CF15A9 /* list_area___checkbox___unchecked.png */,
				CBD32A2313E0293300CF15A9 /* textfield___active.png */,
				CBD32A2413E0293300CF15A9 /* textfield___inactive.png */,
			);
			path = Elements;
			sourceTree = "<group>";
		};
/* End PBXGroup section */

/* Begin PBXNativeTarget section */
		27167F1813C4FA57001CC5B6 /* CouchDemo */ = {
			isa = PBXNativeTarget;
			buildConfigurationList = 27167F5E13C4FA57001CC5B6 /* Build configuration list for PBXNativeTarget "CouchDemo" */;
			buildPhases = (
				27167F1913C4FA57001CC5B6 /* Resources */,
				27167F2313C4FA57001CC5B6 /* Copy CouchDB */,
				27167F2413C4FA57001CC5B6 /* Sources */,
				27167F5713C4FA57001CC5B6 /* Frameworks */,
			);
			buildRules = (
			);
			dependencies = (
			);
			name = CouchDemo;
			productName = Demo;
			productReference = 27167F6113C4FA57001CC5B6 /* CouchDemo.app */;
			productType = "com.apple.product-type.application";
		};
/* End PBXNativeTarget section */

/* Begin PBXProject section */
		29B97313FDCFA39411CA2CEA /* Project object */ = {
			isa = PBXProject;
			attributes = {
				LastUpgradeCheck = 0420;
			};
			buildConfigurationList = C01FCF4E08A954540054247B /* Build configuration list for PBXProject "CouchDemo" */;
			compatibilityVersion = "Xcode 3.2";
			developmentRegion = English;
			hasScannedForEncodings = 1;
			knownRegions = (
				English,
				Japanese,
				French,
				German,
				en,
			);
			mainGroup = 29B97314FDCFA39411CA2CEA /* CustomTemplate */;
			projectDirPath = "";
			projectRoot = "";
			targets = (
				27167F1813C4FA57001CC5B6 /* CouchDemo */,
			);
		};
/* End PBXProject section */

/* Begin PBXResourcesBuildPhase section */
		27167F1913C4FA57001CC5B6 /* Resources */ = {
			isa = PBXResourcesBuildPhase;
			buildActionMask = 2147483647;
			files = (
				27167F1A13C4FA57001CC5B6 /* MainWindow.xib in Resources */,
				27167F1B13C4FA57001CC5B6 /* RootViewController.xib in Resources */,
				27167F1D13C4FA57001CC5B6 /* Entitlements.plist in Resources */,
				27167F2213C4FA57001CC5B6 /* grocery-sync.couch in Resources */,
				797D25A013DCE0080065CB95 /* Settings.bundle in Resources */,
				CBD6E07C13E01711001EFA8C /* icon.png in Resources */,
				CBD6E07D13E01711001EFA8C /* icon@2x.png in Resources */,
				CBD6E08413E01ECB001EFA8C /* Default.png in Resources */,
				CBD32A2613E0293300CF15A9 /* background.png in Resources */,
				CBD32A2B13E0293300CF15A9 /* list_area___border.png in Resources */,
				CBD32A2D13E0293300CF15A9 /* list_area___checkbox___checked.png in Resources */,
				CBD32A2E13E0293300CF15A9 /* list_area___checkbox___unchecked.png in Resources */,
				CBD32A3013E0293300CF15A9 /* textfield___active.png in Resources */,
				CBD32A3113E0293300CF15A9 /* textfield___inactive.png in Resources */,
				CBD32A3513E03D8F00CF15A9 /* TableViewCellNewItem.xib in Resources */,
				CBD32A3713E0490A00CF15A9 /* ListItem.xib in Resources */,
				CBD32A3F13E05C2100CF15A9 /* addNewItem.xib in Resources */,
				CBD32A4113E061D400CF15A9 /* middle.png in Resources */,
				CBD32A4413E0622C00CF15A9 /* bottom.png in Resources */,
				CBD32A4513E0622C00CF15A9 /* top.png in Resources */,
			);
			runOnlyForDeploymentPostprocessing = 0;
		};
/* End PBXResourcesBuildPhase section */

/* Begin PBXShellScriptBuildPhase section */
		27167F2313C4FA57001CC5B6 /* Copy CouchDB */ = {
			isa = PBXShellScriptBuildPhase;
			buildActionMask = 2147483647;
			files = (
			);
			inputPaths = (
			);
			name = "Copy CouchDB";
			outputPaths = (
			);
			runOnlyForDeploymentPostprocessing = 0;
			shellPath = /bin/sh;
			shellScript = "# The 'CouchbaseResources' subfolder of the framework contains Erlang code and other resources needed at runtime. Copy it into the app bundle:\nrsync -a \"${SRCROOT}/Frameworks/Couchbase.framework/CouchbaseResources\" \"${TARGET_BUILD_DIR}/${UNLOCALIZED_RESOURCES_FOLDER_PATH}\"";
		};
/* End PBXShellScriptBuildPhase section */

/* Begin PBXSourcesBuildPhase section */
		27167F2413C4FA57001CC5B6 /* Sources */ = {
			isa = PBXSourcesBuildPhase;
			buildActionMask = 2147483647;
			files = (
				27167F2513C4FA57001CC5B6 /* main.m in Sources */,
				27167F2613C4FA57001CC5B6 /* DemoAppDelegate.m in Sources */,
				27167F2713C4FA57001CC5B6 /* RootViewController.m in Sources */,
			);
			runOnlyForDeploymentPostprocessing = 0;
		};
/* End PBXSourcesBuildPhase section */

/* Begin XCBuildConfiguration section */
		27167F5F13C4FA57001CC5B6 /* Debug */ = {
			isa = XCBuildConfiguration;
			buildSettings = {
				ALWAYS_SEARCH_USER_PATHS = NO;
				CODE_SIGN_ENTITLEMENTS = "";
				COPY_PHASE_STRIP = NO;
				FRAMEWORK_SEARCH_PATHS = "\"$(SRCROOT)/Frameworks\"";
				GCC_DYNAMIC_NO_PIC = NO;
				GCC_OPTIMIZATION_LEVEL = 0;
				GCC_PRECOMPILE_PREFIX_HEADER = YES;
				GCC_PREFIX_HEADER = Source/CouchDemo_Prefix.pch;
				HEADER_SEARCH_PATHS = "\"$(SRCROOT)/Vendor/TouchJSON/Source\"/**";
				INFOPLIST_FILE = "Resources/CouchDemo-Info.plist";
				LIBRARY_SEARCH_PATHS = "$(BUILT_PRODUCTS_DIR)/../$(CONFIGURATION)";
				PRODUCT_NAME = CouchDemo;
				TARGETED_DEVICE_FAMILY = "1,2";
				VALIDATE_PRODUCT = NO;
			};
			name = Debug;
		};
		27167F6013C4FA57001CC5B6 /* Release */ = {
			isa = XCBuildConfiguration;
			buildSettings = {
				ALWAYS_SEARCH_USER_PATHS = NO;
				FRAMEWORK_SEARCH_PATHS = "\"$(SRCROOT)/Frameworks\"";
				GCC_PRECOMPILE_PREFIX_HEADER = YES;
				GCC_PREFIX_HEADER = Source/CouchDemo_Prefix.pch;
				HEADER_SEARCH_PATHS = "\"$(SRCROOT)/Vendor/TouchJSON/Source\"/**";
				INFOPLIST_FILE = "Resources/CouchDemo-Info.plist";
				LIBRARY_SEARCH_PATHS = "$(BUILT_PRODUCTS_DIR)/../$(CONFIGURATION)";
				PRODUCT_NAME = CouchDemo;
				TARGETED_DEVICE_FAMILY = "1,2";
				VALIDATE_PRODUCT = YES;
			};
			name = Release;
		};
		C01FCF4F08A954540054247B /* Debug */ = {
			isa = XCBuildConfiguration;
			buildSettings = {
				"CODE_SIGN_IDENTITY[sdk=iphoneos*]" = "iPhone Developer";
				GCC_C_LANGUAGE_STANDARD = c99;
				GCC_VERSION = com.apple.compilers.llvm.clang.1_0;
				GCC_WARN_ABOUT_RETURN_TYPE = YES;
				GCC_WARN_UNUSED_VARIABLE = YES;
				IPHONEOS_DEPLOYMENT_TARGET = 4.3;
				"PROVISIONING_PROFILE[sdk=iphoneos*]" = "";
				SDKROOT = iphoneos;
			};
			name = Debug;
		};
		C01FCF5008A954540054247B /* Release */ = {
			isa = XCBuildConfiguration;
			buildSettings = {
				"CODE_SIGN_IDENTITY[sdk=iphoneos*]" = "iPhone Developer";
				COPY_PHASE_STRIP = NO;
				GCC_C_LANGUAGE_STANDARD = c99;
				GCC_VERSION = com.apple.compilers.llvm.clang.1_0;
				GCC_WARN_ABOUT_RETURN_TYPE = YES;
				GCC_WARN_UNUSED_VARIABLE = YES;
				IPHONEOS_DEPLOYMENT_TARGET = 4.3;
				OTHER_CFLAGS = "-DNS_BLOCK_ASSERTIONS=1";
				SDKROOT = iphoneos;
			};
			name = Release;
		};
/* End XCBuildConfiguration section */

/* Begin XCConfigurationList section */
		27167F5E13C4FA57001CC5B6 /* Build configuration list for PBXNativeTarget "CouchDemo" */ = {
			isa = XCConfigurationList;
			buildConfigurations = (
				27167F5F13C4FA57001CC5B6 /* Debug */,
				27167F6013C4FA57001CC5B6 /* Release */,
			);
			defaultConfigurationIsVisible = 0;
			defaultConfigurationName = Release;
		};
		C01FCF4E08A954540054247B /* Build configuration list for PBXProject "CouchDemo" */ = {
			isa = XCConfigurationList;
			buildConfigurations = (
				C01FCF4F08A954540054247B /* Debug */,
				C01FCF5008A954540054247B /* Release */,
			);
			defaultConfigurationIsVisible = 0;
			defaultConfigurationName = Release;
		};
/* End XCConfigurationList section */
	};
	rootObject = 29B97313FDCFA39411CA2CEA /* Project object */;
}
